
Microsoft Visual Studio Solution File, Format Version 12.00
# Visual Studio Version 17
VisualStudioVersion = 17.12.35707.178 d17.12
MinimumVisualStudioVersion = 10.0.40219.1
Project("{FAE04EC0-301F-11D3-BF4B-00C04F79EFBC}") = "WordLearner.API", "WordLearner.API\WordLearner.API.csproj", "{595EE7C0-5741-4335-B5D5-EE8E1C1F1247}"
EndProject
Project("{FAE04EC0-301F-11D3-BF4B-00C04F79EFBC}") = "WordLearner.Domain", "WordLearner.Domain\WordLearner.Domain.csproj", "{F1ADD1A3-CA68-4D07-BE9D-0025E9E15686}"
EndProject
Project("{FAE04EC0-301F-11D3-BF4B-00C04F79EFBC}") = "WordLearner.Infra", "WordLearner.Infra\WordLearner.Infra.csproj", "{A6C8698A-0BFD-4688-88C9-0DBDBB796FF6}"
EndProject
Global
	GlobalSection(SolutionConfigurationPlatforms) = preSolution
		Debug|Any CPU = Debug|Any CPU
		Release|Any CPU = Release|Any CPU
	EndGlobalSection
	GlobalSection(ProjectConfigurationPlatforms) = postSolution
		{595EE7C0-5741-4335-B5D5-EE8E1C1F1247}.Debug|Any CPU.ActiveCfg = Debug|Any CPU
		{595EE7C0-5741-4335-B5D5-EE8E1C1F1247}.Debug|Any CPU.Build.0 = Debug|Any CPU
		{595EE7C0-5741-4335-B5D5-EE8E1C1F1247}.Release|Any CPU.ActiveCfg = Release|Any CPU
		{595EE7C0-5741-4335-B5D5-EE8E1C1F1247}.Release|Any CPU.Build.0 = Release|Any CPU
		{F1ADD1A3-CA68-4D07-BE9D-0025E9E15686}.Debug|Any CPU.ActiveCfg = Debug|Any CPU
		{F1ADD1A3-CA68-4D07-BE9D-0025E9E15686}.Debug|Any CPU.Build.0 = Debug|Any CPU
		{F1ADD1A3-CA68-4D07-BE9D-0025E9E15686}.Release|Any CPU.ActiveCfg = Release|Any CPU
		{F1ADD1A3-CA68-4D07-BE9D-0025E9E15686}.Release|Any CPU.Build.0 = Release|Any CPU
		{A6C8698A-0BFD-4688-88C9-0DBDBB796FF6}.Debug|Any CPU.ActiveCfg = Debug|Any CPU
		{A6C8698A-0BFD-4688-88C9-0DBDBB796FF6}.Debug|Any CPU.Build.0 = Debug|Any CPU
		{A6C8698A-0BFD-4688-88C9-0DBDBB796FF6}.Release|Any CPU.ActiveCfg = Release|Any CPU
		{A6C8698A-0BFD-4688-88C9-0DBDBB796FF6}.Release|Any CPU.Build.0 = Release|Any CPU
	EndGlobalSection
	GlobalSection(SolutionProperties) = preSolution
		HideSolutionNode = FALSE
	EndGlobalSection
EndGlobal
